
Microsoft Visual Studio Solution File, Format Version 12.00
# Visual Studio Version 16
VisualStudioVersion = 16.0.29326.143
MinimumVisualStudioVersion = 10.0.40219.1
Project("{9A19103F-16F7-4668-BE54-9A1E7A4F7556}") = "SaleTaxApplication", "SaleTaxApplication\SaleTaxApplication.csproj", "{9BBA7820-A886-4BF9-A2C0-CB472B2F751C}"
EndProject
Project("{9A19103F-16F7-4668-BE54-9A1E7A4F7556}") = "UnitTestCaseSaleTaxApplication", "UnitTestCaseSaleTaxApplication\UnitTestCaseSaleTaxApplication.csproj", "{36FBE68E-033E-4521-8683-8F33F33D5DEF}"
EndProject
Global
	GlobalSection(SolutionConfigurationPlatforms) = preSolution
		Debug|Any CPU = Debug|Any CPU
		Release|Any CPU = Release|Any CPU
	EndGlobalSection
	GlobalSection(ProjectConfigurationPlatforms) = postSolution
		{9BBA7820-A886-4BF9-A2C0-CB472B2F751C}.Debug|Any CPU.ActiveCfg = Debug|Any CPU
		{9BBA7820-A886-4BF9-A2C0-CB472B2F751C}.Debug|Any CPU.Build.0 = Debug|Any CPU
		{9BBA7820-A886-4BF9-A2C0-CB472B2F751C}.Release|Any CPU.ActiveCfg = Release|Any CPU
		{9BBA7820-A886-4BF9-A2C0-CB472B2F751C}.Release|Any CPU.Build.0 = Release|Any CPU
		{36FBE68E-033E-4521-8683-8F33F33D5DEF}.Debug|Any CPU.ActiveCfg = Debug|Any CPU
		{36FBE68E-033E-4521-8683-8F33F33D5DEF}.Debug|Any CPU.Build.0 = Debug|Any CPU
		{36FBE68E-033E-4521-8683-8F33F33D5DEF}.Release|Any CPU.ActiveCfg = Release|Any CPU
		{36FBE68E-033E-4521-8683-8F33F33D5DEF}.Release|Any CPU.Build.0 = Release|Any CPU
	EndGlobalSection
	GlobalSection(SolutionProperties) = preSolution
		HideSolutionNode = FALSE
	EndGlobalSection
	GlobalSection(ExtensibilityGlobals) = postSolution
		SolutionGuid = {9AE84FAC-B19C-489F-8EF2-FC0C0F80ECF3}
	EndGlobalSection
EndGlobal
